// !$*UTF8*$!
{
	archiveVersion = 1;
	classes = {
	};
	objectVersion = 46;
	objects = {

/* Begin PBXBuildFile section */
		D6EECB491923BEA8007C8839 /* Foundation.framework in Frameworks */ = {isa = PBXBuildFile; fileRef = D6EECB481923BEA8007C8839 /* Foundation.framework */; };
		D6EECB4B1923BEA8007C8839 /* CoreGraphics.framework in Frameworks */ = {isa = PBXBuildFile; fileRef = D6EECB4A1923BEA8007C8839 /* CoreGraphics.framework */; };
		D6EECB4D1923BEA8007C8839 /* UIKit.framework in Frameworks */ = {isa = PBXBuildFile; fileRef = D6EECB4C1923BEA8007C8839 /* UIKit.framework */; };
		D6EECB531923BEA8007C8839 /* InfoPlist.strings in Resources */ = {isa = PBXBuildFile; fileRef = D6EECB511923BEA8007C8839 /* InfoPlist.strings */; };
		D6EECB551923BEA8007C8839 /* main.m in Sources */ = {isa = PBXBuildFile; fileRef = D6EECB541923BEA8007C8839 /* main.m */; };
		D6EECB591923BEA8007C8839 /* AppDelegate.m in Sources */ = {isa = PBXBuildFile; fileRef = D6EECB581923BEA8007C8839 /* AppDelegate.m */; };
		D6EECB5C1923BEA8007C8839 /* Main_iPhone.storyboard in Resources */ = {isa = PBXBuildFile; fileRef = D6EECB5A1923BEA8007C8839 /* Main_iPhone.storyboard */; };
		D6EECB5F1923BEA8007C8839 /* Main_iPad.storyboard in Resources */ = {isa = PBXBuildFile; fileRef = D6EECB5D1923BEA8007C8839 /* Main_iPad.storyboard */; };
		D6EECB621923BEA8007C8839 /* ViewController.m in Sources */ = {isa = PBXBuildFile; fileRef = D6EECB611923BEA8007C8839 /* ViewController.m */; };
		D6EECB641923BEA8007C8839 /* Images.xcassets in Resources */ = {isa = PBXBuildFile; fileRef = D6EECB631923BEA8007C8839 /* Images.xcassets */; };
		D6EECB6B1923BEA9007C8839 /* XCTest.framework in Frameworks */ = {isa = PBXBuildFile; fileRef = D6EECB6A1923BEA9007C8839 /* XCTest.framework */; };
		D6EECB6C1923BEA9007C8839 /* Foundation.framework in Frameworks */ = {isa = PBXBuildFile; fileRef = D6EECB481923BEA8007C8839 /* Foundation.framework */; };
		D6EECB6D1923BEA9007C8839 /* UIKit.framework in Frameworks */ = {isa = PBXBuildFile; fileRef = D6EECB4C1923BEA8007C8839 /* UIKit.framework */; };
		D6EECB751923BEA9007C8839 /* InfoPlist.strings in Resources */ = {isa = PBXBuildFile; fileRef = D6EECB731923BEA9007C8839 /* InfoPlist.strings */; };
		D6EECB771923BEA9007C8839 /* FirstSiteTests.m in Sources */ = {isa = PBXBuildFile; fileRef = D6EECB761923BEA9007C8839 /* FirstSiteTests.m */; };
/* End PBXBuildFile section */

/* Begin PBXContainerItemProxy section */
		D6EECB6E1923BEA9007C8839 /* PBXContainerItemProxy */ = {
			isa = PBXContainerItemProxy;
			containerPortal = D6EECB3D1923BEA8007C8839 /* Project object */;
			proxyType = 1;
			remoteGlobalIDString = D6EECB441923BEA8007C8839;
			remoteInfo = FirstSite;
		};
/* End PBXContainerItemProxy section */

/* Begin PBXFileReference section */
		D6EECB451923BEA8007C8839 /* FirstSite.app */ = {isa = PBXFileReference; explicitFileType = wrapper.application; includeInIndex = 0; path = FirstSite.app; sourceTree = BUILT_PRODUCTS_DIR; };
		D6EECB481923BEA8007C8839 /* Foundation.framework */ = {isa = PBXFileReference; lastKnownFileType = wrapper.framework; name = Foundation.framework; path = System/Library/Frameworks/Foundation.framework; sourceTree = SDKROOT; };
		D6EECB4A1923BEA8007C8839 /* CoreGraphics.framework */ = {isa = PBXFileReference; lastKnownFileType = wrapper.framework; name = CoreGraphics.framework; path = System/Library/Frameworks/CoreGraphics.framework; sourceTree = SDKROOT; };
		D6EECB4C1923BEA8007C8839 /* UIKit.framework */ = {isa = PBXFileReference; lastKnownFileType = wrapper.framework; name = UIKit.framework; path = System/Library/Frameworks/UIKit.framework; sourceTree = SDKROOT; };
		D6EECB501923BEA8007C8839 /* FirstSite-Info.plist */ = {isa = PBXFileReference; lastKnownFileType = text.plist.xml; path = "FirstSite-Info.plist"; sourceTree = "<group>"; };
		D6EECB521923BEA8007C8839 /* en */ = {isa = PBXFileReference; lastKnownFileType = text.plist.strings; name = en; path = en.lproj/InfoPlist.strings; sourceTree = "<group>"; };
		D6EECB541923BEA8007C8839 /* main.m */ = {isa = PBXFileReference; lastKnownFileType = sourcecode.c.objc; path = main.m; sourceTree = "<group>"; };
		D6EECB561923BEA8007C8839 /* FirstSite-Prefix.pch */ = {isa = PBXFileReference; lastKnownFileType = sourcecode.c.h; path = "FirstSite-Prefix.pch"; sourceTree = "<group>"; };
		D6EECB571923BEA8007C8839 /* AppDelegate.h */ = {isa = PBXFileReference; lastKnownFileType = sourcecode.c.h; path = AppDelegate.h; sourceTree = "<group>"; };
		D6EECB581923BEA8007C8839 /* AppDelegate.m */ = {isa = PBXFileReference; lastKnownFileType = sourcecode.c.objc; path = AppDelegate.m; sourceTree = "<group>"; };
		D6EECB5B1923BEA8007C8839 /* Base */ = {isa = PBXFileReference; lastKnownFileType = file.storyboard; name = Base; path = Base.lproj/Main_iPhone.storyboard; sourceTree = "<group>"; };
		D6EECB5E1923BEA8007C8839 /* Base */ = {isa = PBXFileReference; lastKnownFileType = file.storyboard; name = Base; path = Base.lproj/Main_iPad.storyboard; sourceTree = "<group>"; };
		D6EECB601923BEA8007C8839 /* ViewController.h */ = {isa = PBXFileReference; lastKnownFileType = sourcecode.c.h; path = ViewController.h; sourceTree = "<group>"; };
		D6EECB611923BEA8007C8839 /* ViewController.m */ = {isa = PBXFileReference; lastKnownFileType = sourcecode.c.objc; path = ViewController.m; sourceTree = "<group>"; };
		D6EECB631923BEA8007C8839 /* Images.xcassets */ = {isa = PBXFileReference; lastKnownFileType = folder.assetcatalog; path = Images.xcassets; sourceTree = "<group>"; };
		D6EECB691923BEA9007C8839 /* FirstSiteTests.xctest */ = {isa = PBXFileReference; explicitFileType = wrapper.cfbundle; includeInIndex = 0; path = FirstSiteTests.xctest; sourceTree = BUILT_PRODUCTS_DIR; };
		D6EECB6A1923BEA9007C8839 /* XCTest.framework */ = {isa = PBXFileReference; lastKnownFileType = wrapper.framework; name = XCTest.framework; path = Library/Frameworks/XCTest.framework; sourceTree = DEVELOPER_DIR; };
		D6EECB721923BEA9007C8839 /* FirstSiteTests-Info.plist */ = {isa = PBXFileReference; lastKnownFileType = text.plist.xml; path = "FirstSiteTests-Info.plist"; sourceTree = "<group>"; };
		D6EECB741923BEA9007C8839 /* en */ = {isa = PBXFileReference; lastKnownFileType = text.plist.strings; name = en; path = en.lproj/InfoPlist.strings; sourceTree = "<group>"; };
		D6EECB761923BEA9007C8839 /* FirstSiteTests.m */ = {isa = PBXFileReference; lastKnownFileType = sourcecode.c.objc; path = FirstSiteTests.m; sourceTree = "<group>"; };
/* End PBXFileReference section */

/* Begin PBXFrameworksBuildPhase section */
		D6EECB421923BEA8007C8839 /* Frameworks */ = {
			isa = PBXFrameworksBuildPhase;
			buildActionMask = 2147483647;
			files = (
				D6EECB4B1923BEA8007C8839 /* CoreGraphics.framework in Frameworks */,
				D6EECB4D1923BEA8007C8839 /* UIKit.framework in Frameworks */,
				D6EECB491923BEA8007C8839 /* Foundation.framework in Frameworks */,
			);
			runOnlyForDeploymentPostprocessing = 0;
		};
		D6EECB661923BEA9007C8839 /* Frameworks */ = {
			isa = PBXFrameworksBuildPhase;
			buildActionMask = 2147483647;
			files = (
				D6EECB6B1923BEA9007C8839 /* XCTest.framework in Frameworks */,
				D6EECB6D1923BEA9007C8839 /* UIKit.framework in Frameworks */,
				D6EECB6C1923BEA9007C8839 /* Foundation.framework in Frameworks */,
			);
			runOnlyForDeploymentPostprocessing = 0;
		};
/* End PBXFrameworksBuildPhase section */

/* Begin PBXGroup section */
		D6EECB3C1923BEA8007C8839 = {
			isa = PBXGroup;
			children = (
				D6EECB4E1923BEA8007C8839 /* FirstSite */,
				D6EECB701923BEA9007C8839 /* FirstSiteTests */,
				D6EECB471923BEA8007C8839 /* Frameworks */,
				D6EECB461923BEA8007C8839 /* Products */,
			);
			sourceTree = "<group>";
		};
		D6EECB461923BEA8007C8839 /* Products */ = {
			isa = PBXGroup;
			children = (
				D6EECB451923BEA8007C8839 /* FirstSite.app */,
				D6EECB691923BEA9007C8839 /* FirstSiteTests.xctest */,
			);
			name = Products;
			sourceTree = "<group>";
		};
		D6EECB471923BEA8007C8839 /* Frameworks */ = {
			isa = PBXGroup;
			children = (
				D6EECB481923BEA8007C8839 /* Foundation.framework */,
				D6EECB4A1923BEA8007C8839 /* CoreGraphics.framework */,
				D6EECB4C1923BEA8007C8839 /* UIKit.framework */,
				D6EECB6A1923BEA9007C8839 /* XCTest.framework */,
			);
			name = Frameworks;
			sourceTree = "<group>";
		};
		D6EECB4E1923BEA8007C8839 /* FirstSite */ = {
			isa = PBXGroup;
			children = (
				D6EECB571923BEA8007C8839 /* AppDelegate.h */,
				D6EECB581923BEA8007C8839 /* AppDelegate.m */,
				D6EECB5A1923BEA8007C8839 /* Main_iPhone.storyboard */,
				D6EECB5D1923BEA8007C8839 /* Main_iPad.storyboard */,
				D6EECB601923BEA8007C8839 /* ViewController.h */,
				D6EECB611923BEA8007C8839 /* ViewController.m */,
				D6EECB631923BEA8007C8839 /* Images.xcassets */,
				D6EECB4F1923BEA8007C8839 /* Supporting Files */,
			);
			path = FirstSite;
			sourceTree = "<group>";
		};
		D6EECB4F1923BEA8007C8839 /* Supporting Files */ = {
			isa = PBXGroup;
			children = (
				D6EECB501923BEA8007C8839 /* FirstSite-Info.plist */,
				D6EECB511923BEA8007C8839 /* InfoPlist.strings */,
				D6EECB541923BEA8007C8839 /* main.m */,
				D6EECB561923BEA8007C8839 /* FirstSite-Prefix.pch */,
			);
			name = "Supporting Files";
			sourceTree = "<group>";
		};
		D6EECB701923BEA9007C8839 /* FirstSiteTests */ = {
			isa = PBXGroup;
			children = (
				D6EECB761923BEA9007C8839 /* FirstSiteTests.m */,
				D6EECB711923BEA9007C8839 /* Supporting Files */,
			);
			path = FirstSiteTests;
			sourceTree = "<group>";
		};
		D6EECB711923BEA9007C8839 /* Supporting Files */ = {
			isa = PBXGroup;
			children = (
				D6EECB721923BEA9007C8839 /* FirstSiteTests-Info.plist */,
				D6EECB731923BEA9007C8839 /* InfoPlist.strings */,
			);
			name = "Supporting Files";
			sourceTree = "<group>";
		};
/* End PBXGroup section */

/* Begin PBXNativeTarget section */
		D6EECB441923BEA8007C8839 /* FirstSite */ = {
			isa = PBXNativeTarget;
			buildConfigurationList = D6EECB7A1923BEA9007C8839 /* Build configuration list for PBXNativeTarget "FirstSite" */;
			buildPhases = (
				D6EECB411923BEA8007C8839 /* Sources */,
				D6EECB421923BEA8007C8839 /* Frameworks */,
				D6EECB431923BEA8007C8839 /* Resources */,
			);
			buildRules = (
			);
			dependencies = (
			);
			name = FirstSite;
			productName = FirstSite;
			productReference = D6EECB451923BEA8007C8839 /* FirstSite.app */;
			productType = "com.apple.product-type.application";
		};
		D6EECB681923BEA9007C8839 /* FirstSiteTests */ = {
			isa = PBXNativeTarget;
			buildConfigurationList = D6EECB7D1923BEA9007C8839 /* Build configuration list for PBXNativeTarget "FirstSiteTests" */;
			buildPhases = (
				D6EECB651923BEA9007C8839 /* Sources */,
				D6EECB661923BEA9007C8839 /* Frameworks */,
				D6EECB671923BEA9007C8839 /* Resources */,
			);
			buildRules = (
			);
			dependencies = (
				D6EECB6F1923BEA9007C8839 /* PBXTargetDependency */,
			);
			name = FirstSiteTests;
			productName = FirstSiteTests;
			productReference = D6EECB691923BEA9007C8839 /* FirstSiteTests.xctest */;
			productType = "com.apple.product-type.bundle.unit-test";
		};
/* End PBXNativeTarget section */

/* Begin PBXProject section */
		D6EECB3D1923BEA8007C8839 /* Project object */ = {
			isa = PBXProject;
			attributes = {
				LastUpgradeCheck = 0510;
				ORGANIZATIONNAME = Sparx;
				TargetAttributes = {
					D6EECB681923BEA9007C8839 = {
						TestTargetID = D6EECB441923BEA8007C8839;
					};
				};
			};
			buildConfigurationList = D6EECB401923BEA8007C8839 /* Build configuration list for PBXProject "FirstSite" */;
			compatibilityVersion = "Xcode 3.2";
			developmentRegion = English;
			hasScannedForEncodings = 0;
			knownRegions = (
				en,
				Base,
			);
			mainGroup = D6EECB3C1923BEA8007C8839;
			productRefGroup = D6EECB461923BEA8007C8839 /* Products */;
			projectDirPath = "";
			projectRoot = "";
			targets = (
				D6EECB441923BEA8007C8839 /* FirstSite */,
				D6EECB681923BEA9007C8839 /* FirstSiteTests */,
			);
		};
/* End PBXProject section */

/* Begin PBXResourcesBuildPhase section */
		D6EECB431923BEA8007C8839 /* Resources */ = {
			isa = PBXResourcesBuildPhase;
			buildActionMask = 2147483647;
			files = (
				D6EECB5F1923BEA8007C8839 /* Main_iPad.storyboard in Resources */,
				D6EECB641923BEA8007C8839 /* Images.xcassets in Resources */,
				D6EECB5C1923BEA8007C8839 /* Main_iPhone.storyboard in Resources */,
				D6EECB531923BEA8007C8839 /* InfoPlist.strings in Resources */,
			);
			runOnlyForDeploymentPostprocessing = 0;
		};
		D6EECB671923BEA9007C8839 /* Resources */ = {
			isa = PBXResourcesBuildPhase;
			buildActionMask = 2147483647;
			files = (
				D6EECB751923BEA9007C8839 /* InfoPlist.strings in Resources */,
			);
			runOnlyForDeploymentPostprocessing = 0;
		};
/* End PBXResourcesBuildPhase section */

/* Begin PBXSourcesBuildPhase section */
		D6EECB411923BEA8007C8839 /* Sources */ = {
			isa = PBXSourcesBuildPhase;
			buildActionMask = 2147483647;
			files = (
				D6EECB621923BEA8007C8839 /* ViewController.m in Sources */,
				D6EECB591923BEA8007C8839 /* AppDelegate.m in Sources */,
				D6EECB551923BEA8007C8839 /* main.m in Sources */,
			);
			runOnlyForDeploymentPostprocessing = 0;
		};
		D6EECB651923BEA9007C8839 /* Sources */ = {
			isa = PBXSourcesBuildPhase;
			buildActionMask = 2147483647;
			files = (
				D6EECB771923BEA9007C8839 /* FirstSiteTests.m in Sources */,
			);
			runOnlyForDeploymentPostprocessing = 0;
		};
/* End PBXSourcesBuildPhase section */

/* Begin PBXTargetDependency section */
		D6EECB6F1923BEA9007C8839 /* PBXTargetDependency */ = {
			isa = PBXTargetDependency;
			target = D6EECB441923BEA8007C8839 /* FirstSite */;
			targetProxy = D6EECB6E1923BEA9007C8839 /* PBXContainerItemProxy */;
		};
/* End PBXTargetDependency section */

/* Begin PBXVariantGroup section */
		D6EECB511923BEA8007C8839 /* InfoPlist.strings */ = {
			isa = PBXVariantGroup;
			children = (
				D6EECB521923BEA8007C8839 /* en */,
			);
			name = InfoPlist.strings;
			sourceTree = "<group>";
		};
		D6EECB5A1923BEA8007C8839 /* Main_iPhone.storyboard */ = {
			isa = PBXVariantGroup;
			children = (
				D6EECB5B1923BEA8007C8839 /* Base */,
			);
			name = Main_iPhone.storyboard;
			sourceTree = "<group>";
		};
		D6EECB5D1923BEA8007C8839 /* Main_iPad.storyboard */ = {
			isa = PBXVariantGroup;
			children = (
				D6EECB5E1923BEA8007C8839 /* Base */,
			);
			name = Main_iPad.storyboard;
			sourceTree = "<group>";
		};
		D6EECB731923BEA9007C8839 /* InfoPlist.strings */ = {
			isa = PBXVariantGroup;
			children = (
				D6EECB741923BEA9007C8839 /* en */,
			);
			name = InfoPlist.strings;
			sourceTree = "<group>";
		};
/* End PBXVariantGroup section */

/* Begin XCBuildConfiguration section */
		D6EECB781923BEA9007C8839 /* Debug */ = {
			isa = XCBuildConfiguration;
			buildSettings = {
				ALWAYS_SEARCH_USER_PATHS = NO;
				CLANG_CXX_LANGUAGE_STANDARD = "gnu++0x";
				CLANG_CXX_LIBRARY = "libc++";
				CLANG_ENABLE_MODULES = YES;
				CLANG_ENABLE_OBJC_ARC = YES;
				CLANG_WARN_BOOL_CONVERSION = YES;
				CLANG_WARN_CONSTANT_CONVERSION = YES;
				CLANG_WARN_DIRECT_OBJC_ISA_USAGE = YES_ERROR;
				CLANG_WARN_EMPTY_BODY = YES;
				CLANG_WARN_ENUM_CONVERSION = YES;
				CLANG_WARN_INT_CONVERSION = YES;
				CLANG_WARN_OBJC_ROOT_CLASS = YES_ERROR;
				CLANG_WARN__DUPLICATE_METHOD_MATCH = YES;
				"CODE_SIGN_IDENTITY[sdk=iphoneos*]" = "iPhone Developer";
				COPY_PHASE_STRIP = NO;
				GCC_C_LANGUAGE_STANDARD = gnu99;
				GCC_DYNAMIC_NO_PIC = NO;
				GCC_OPTIMIZATION_LEVEL = 0;
				GCC_PREPROCESSOR_DEFINITIONS = (
					"DEBUG=1",
					"$(inherited)",
				);
				GCC_SYMBOLS_PRIVATE_EXTERN = NO;
				GCC_WARN_64_TO_32_BIT_CONVERSION = YES;
				GCC_WARN_ABOUT_RETURN_TYPE = YES_ERROR;
				GCC_WARN_UNDECLARED_SELECTOR = YES;
				GCC_WARN_UNINITIALIZED_AUTOS = YES_AGGRESSIVE;
				GCC_WARN_UNUSED_FUNCTION = YES;
				GCC_WARN_UNUSED_VARIABLE = YES;
				IPHONEOS_DEPLOYMENT_TARGET = 7.1;
				ONLY_ACTIVE_ARCH = YES;
				SDKROOT = iphoneos;
				TARGETED_DEVICE_FAMILY = "1,2";
			};
			name = Debug;
		};
		D6EECB791923BEA9007C8839 /* Release */ = {
			isa = XCBuildConfiguration;
			buildSettings = {
				ALWAYS_SEARCH_USER_PATHS = NO;
				CLANG_CXX_LANGUAGE_STANDARD = "gnu++0x";
				CLANG_CXX_LIBRARY = "libc++";
				CLANG_ENABLE_MODULES = YES;
				CLANG_ENABLE_OBJC_ARC = YES;
				CLANG_WARN_BOOL_CONVERSION = YES;
				CLANG_WARN_CONSTANT_CONVERSION = YES;
				CLANG_WARN_DIRECT_OBJC_ISA_USAGE = YES_ERROR;
				CLANG_WARN_EMPTY_BODY = YES;
				CLANG_WARN_ENUM_CONVERSION = YES;
				CLANG_WARN_INT_CONVERSION = YES;
				CLANG_WARN_OBJC_ROOT_CLASS = YES_ERROR;
				CLANG_WARN__DUPLICATE_METHOD_MATCH = YES;
				"CODE_SIGN_IDENTITY[sdk=iphoneos*]" = "iPhone Developer";
				COPY_PHASE_STRIP = YES;
				ENABLE_NS_ASSERTIONS = NO;
				GCC_C_LANGUAGE_STANDARD = gnu99;
				GCC_WARN_64_TO_32_BIT_CONVERSION = YES;
				GCC_WARN_ABOUT_RETURN_TYPE = YES_ERROR;
				GCC_WARN_UNDECLARED_SELECTOR = YES;
				GCC_WARN_UNINITIALIZED_AUTOS = YES_AGGRESSIVE;
				GCC_WARN_UNUSED_FUNCTION = YES;
				GCC_WARN_UNUSED_VARIABLE = YES;
				IPHONEOS_DEPLOYMENT_TARGET = 7.1;
				SDKROOT = iphoneos;
				TARGETED_DEVICE_FAMILY = "1,2";
				VALIDATE_PRODUCT = YES;
			};
			name = Release;
		};
		D6EECB7B1923BEA9007C8839 /* Debug */ = {
			isa = XCBuildConfiguration;
			buildSettings = {
				ASSETCATALOG_COMPILER_APPICON_NAME = AppIcon;
				ASSETCATALOG_COMPILER_LAUNCHIMAGE_NAME = LaunchImage;
				GCC_PRECOMPILE_PREFIX_HEADER = YES;
				GCC_PREFIX_HEADER = "FirstSite/FirstSite-Prefix.pch";
				INFOPLIST_FILE = "FirstSite/FirstSite-Info.plist";
				PRODUCT_NAME = "$(TARGET_NAME)";
				WRAPPER_EXTENSION = app;
			};
			name = Debug;
		};
		D6EECB7C1923BEA9007C8839 /* Release */ = {
			isa = XCBuildConfiguration;
			buildSettings = {
				ASSETCATALOG_COMPILER_APPICON_NAME = AppIcon;
				ASSETCATALOG_COMPILER_LAUNCHIMAGE_NAME = LaunchImage;
				GCC_PRECOMPILE_PREFIX_HEADER = YES;
				GCC_PREFIX_HEADER = "FirstSite/FirstSite-Prefix.pch";
				INFOPLIST_FILE = "FirstSite/FirstSite-Info.plist";
				PRODUCT_NAME = "$(TARGET_NAME)";
				WRAPPER_EXTENSION = app;
			};
			name = Release;
		};
		D6EECB7E1923BEA9007C8839 /* Debug */ = {
			isa = XCBuildConfiguration;
			buildSettings = {
				BUNDLE_LOADER = "$(BUILT_PRODUCTS_DIR)/FirstSite.app/FirstSite";
				FRAMEWORK_SEARCH_PATHS = (
					"$(SDKROOT)/Developer/Library/Frameworks",
					"$(inherited)",
					"$(DEVELOPER_FRAMEWORKS_DIR)",
				);
				GCC_PRECOMPILE_PREFIX_HEADER = YES;
				GCC_PREFIX_HEADER = "FirstSite/FirstSite-Prefix.pch";
				GCC_PREPROCESSOR_DEFINITIONS = (
					"DEBUG=1",
					"$(inherited)",
				);
				INFOPLIST_FILE = "FirstSiteTests/FirstSiteTests-Info.plist";
				PRODUCT_NAME = "$(TARGET_NAME)";
				TEST_HOST = "$(BUNDLE_LOADER)";
				WRAPPER_EXTENSION = xctest;
			};
			name = Debug;
		};
		D6EECB7F1923BEA9007C8839 /* Release */ = {
			isa = XCBuildConfiguration;
			buildSettings = {
				BUNDLE_LOADER = "$(BUILT_PRODUCTS_DIR)/FirstSite.app/FirstSite";
				FRAMEWORK_SEARCH_PATHS = (
					"$(SDKROOT)/Developer/Library/Frameworks",
					"$(inherited)",
					"$(DEVELOPER_FRAMEWORKS_DIR)",
				);
				GCC_PRECOMPILE_PREFIX_HEADER = YES;
				GCC_PREFIX_HEADER = "FirstSite/FirstSite-Prefix.pch";
				INFOPLIST_FILE = "FirstSiteTests/FirstSiteTests-Info.plist";
				PRODUCT_NAME = "$(TARGET_NAME)";
				TEST_HOST = "$(BUNDLE_LOADER)";
				WRAPPER_EXTENSION = xctest;
			};
			name = Release;
		};
/* End XCBuildConfiguration section */

/* Begin XCConfigurationList section */
		D6EECB401923BEA8007C8839 /* Build configuration list for PBXProject "FirstSite" */ = {
			isa = XCConfigurationList;
			buildConfigurations = (
				D6EECB781923BEA9007C8839 /* Debug */,
				D6EECB791923BEA9007C8839 /* Release */,
			);
			defaultConfigurationIsVisible = 0;
			defaultConfigurationName = Release;
		};
		D6EECB7A1923BEA9007C8839 /* Build configuration list for PBXNativeTarget "FirstSite" */ = {
			isa = XCConfigurationList;
			buildConfigurations = (
				D6EECB7B1923BEA9007C8839 /* Debug */,
				D6EECB7C1923BEA9007C8839 /* Release */,
			);
			defaultConfigurationIsVisible = 0;
		};
		D6EECB7D1923BEA9007C8839 /* Build configuration list for PBXNativeTarget "FirstSiteTests" */ = {
			isa = XCConfigurationList;
			buildConfigurations = (
				D6EECB7E1923BEA9007C8839 /* Debug */,
				D6EECB7F1923BEA9007C8839 /* Release */,
			);
			defaultConfigurationIsVisible = 0;
		};
/* End XCConfigurationList section */
	};
	rootObject = D6EECB3D1923BEA8007C8839 /* Project object */;
}
